
Microsoft Visual Studio Solution File, Format Version 12.00
# Visual Studio Version 17
VisualStudioVersion = 17.4.33122.133
MinimumVisualStudioVersion = 10.0.40219.1
Project("{FAE04EC0-301F-11D3-BF4B-00C04F79EFBC}") = "CalcularAreaDaCircunferencia", "CalcularAreaDaCircunferencia.csproj", "{BB5A83C0-2712-4226-9265-F4FF3E58636C}"
EndProject
Global
	GlobalSection(SolutionConfigurationPlatforms) = preSolution
		Debug|Any CPU = Debug|Any CPU
		Release|Any CPU = Release|Any CPU
	EndGlobalSection
	GlobalSection(ProjectConfigurationPlatforms) = postSolution
		{BB5A83C0-2712-4226-9265-F4FF3E58636C}.Debug|Any CPU.ActiveCfg = Debug|Any CPU
		{BB5A83C0-2712-4226-9265-F4FF3E58636C}.Debug|Any CPU.Build.0 = Debug|Any CPU
		{BB5A83C0-2712-4226-9265-F4FF3E58636C}.Release|Any CPU.ActiveCfg = Release|Any CPU
		{BB5A83C0-2712-4226-9265-F4FF3E58636C}.Release|Any CPU.Build.0 = Release|Any CPU
	EndGlobalSection
	GlobalSection(SolutionProperties) = preSolution
		HideSolutionNode = FALSE
	EndGlobalSection
	GlobalSection(ExtensibilityGlobals) = postSolution
		SolutionGuid = {6BBE6071-35B0-41DE-A7CC-62F56114EF5E}
	EndGlobalSection
EndGlobal
